
Microsoft Visual Studio Solution File, Format Version 11.00
# Visual Studio 2010
Project("{FAE04EC0-301F-11D3-BF4B-00C04F79EFBC}") = "MvcMovie", "MvcMovie\MvcMovie.csproj", "{A6667E60-B6DD-4A1E-A936-D8518405AC5F}"
EndProject
Global
	GlobalSection(SolutionConfigurationPlatforms) = preSolution
		Debug|Any CPU = Debug|Any CPU
		Release|Any CPU = Release|Any CPU
	EndGlobalSection
	GlobalSection(ProjectConfigurationPlatforms) = postSolution
		{A6667E60-B6DD-4A1E-A936-D8518405AC5F}.Debug|Any CPU.ActiveCfg = Debug|Any CPU
		{A6667E60-B6DD-4A1E-A936-D8518405AC5F}.Debug|Any CPU.Build.0 = Debug|Any CPU
		{A6667E60-B6DD-4A1E-A936-D8518405AC5F}.Release|Any CPU.ActiveCfg = Release|Any CPU
		{A6667E60-B6DD-4A1E-A936-D8518405AC5F}.Release|Any CPU.Build.0 = Release|Any CPU
	EndGlobalSection
	GlobalSection(SolutionProperties) = preSolution
		HideSolutionNode = FALSE
	EndGlobalSection
EndGlobal
