
Microsoft Visual Studio Solution File, Format Version 11.00
# Visual Studio 2010
Project("{FAE04EC0-301F-11D3-BF4B-00C04F79EFBC}") = "Movies", "Movies\Movies.csproj", "{30C72B13-865A-4213-AB85-19CA5F738EE6}"
EndProject
Project("{FAE04EC0-301F-11D3-BF4B-00C04F79EFBC}") = "Movies.Tests", "Movies.Tests\Movies.Tests.csproj", "{94C08904-EE96-46B8-BE44-F2667F4A09A0}"
EndProject
Global
	GlobalSection(SolutionConfigurationPlatforms) = preSolution
		Debug|Any CPU = Debug|Any CPU
		Release|Any CPU = Release|Any CPU
	EndGlobalSection
	GlobalSection(ProjectConfigurationPlatforms) = postSolution
		{30C72B13-865A-4213-AB85-19CA5F738EE6}.Debug|Any CPU.ActiveCfg = Debug|Any CPU
		{30C72B13-865A-4213-AB85-19CA5F738EE6}.Debug|Any CPU.Build.0 = Debug|Any CPU
		{30C72B13-865A-4213-AB85-19CA5F738EE6}.Release|Any CPU.ActiveCfg = Release|Any CPU
		{30C72B13-865A-4213-AB85-19CA5F738EE6}.Release|Any CPU.Build.0 = Release|Any CPU
		{94C08904-EE96-46B8-BE44-F2667F4A09A0}.Debug|Any CPU.ActiveCfg = Debug|Any CPU
		{94C08904-EE96-46B8-BE44-F2667F4A09A0}.Debug|Any CPU.Build.0 = Debug|Any CPU
		{94C08904-EE96-46B8-BE44-F2667F4A09A0}.Release|Any CPU.ActiveCfg = Release|Any CPU
		{94C08904-EE96-46B8-BE44-F2667F4A09A0}.Release|Any CPU.Build.0 = Release|Any CPU
	EndGlobalSection
	GlobalSection(SolutionProperties) = preSolution
		HideSolutionNode = FALSE
	EndGlobalSection
EndGlobal
