
Microsoft Visual Studio Solution File, Format Version 11.00
# Visual Studio 2010
Project("{FAE04EC0-301F-11D3-BF4B-00C04F79EFBC}") = "Task01", "Task01\Task01.csproj", "{1414AB49-2F0E-4219-BC2C-41416F493A5A}"
EndProject
Project("{FAE04EC0-301F-11D3-BF4B-00C04F79EFBC}") = "Task02", "Task02\Task02.csproj", "{C36067F6-740D-4703-AC7A-253B32A231F9}"
EndProject
Project("{FAE04EC0-301F-11D3-BF4B-00C04F79EFBC}") = "Task03", "Task03\Task03.csproj", "{08305C09-83C2-4E3F-8832-1582726CAB73}"
EndProject
Project("{FAE04EC0-301F-11D3-BF4B-00C04F79EFBC}") = "Task04 [ObjectContext NativeQuery]", "Task04\Task04 [ObjectContext NativeQuery].csproj", "{BF24A1DD-E866-4550-B935-2D6CE8332109}"
EndProject
Project("{FAE04EC0-301F-11D3-BF4B-00C04F79EFBC}") = "Task05", "Task05\Task05.csproj", "{020DDE88-25FE-40F5-8EA2-09CED0939F3A}"
EndProject
Project("{FAE04EC0-301F-11D3-BF4B-00C04F79EFBC}") = "Task06", "Task06\Task06.csproj", "{5CF483CB-4D3B-4DE7-B0DC-360C649932CB}"
EndProject
Project("{FAE04EC0-301F-11D3-BF4B-00C04F79EFBC}") = "Task07", "Task07\Task07.csproj", "{86601EE5-3D78-4330-A031-8A003563CD77}"
EndProject
Project("{FAE04EC0-301F-11D3-BF4B-00C04F79EFBC}") = "Task08", "Task08\Task08.csproj", "{D58889E7-90A6-446F-A31C-D8DEC910085D}"
EndProject
Project("{FAE04EC0-301F-11D3-BF4B-00C04F79EFBC}") = "Task10", "Task10\Task10.csproj", "{34BF5605-7E9E-442C-9DF4-9EB42A8608E2}"
EndProject
Project("{FAE04EC0-301F-11D3-BF4B-00C04F79EFBC}") = "Task09", "Task09\Task09.csproj", "{9624AD16-7B9F-4C50-BC7C-37DA75CEECC6}"
EndProject
Project("{FAE04EC0-301F-11D3-BF4B-00C04F79EFBC}") = "Task04.A [System.Data.SqlClient]", "Task04.A\Task04.A [System.Data.SqlClient].csproj", "{2F29F2A9-CF4A-41FD-8A09-7AB0FAD3DFEC}"
EndProject
Global
	GlobalSection(SolutionConfigurationPlatforms) = preSolution
		Debug|x86 = Debug|x86
		Release|x86 = Release|x86
	EndGlobalSection
	GlobalSection(ProjectConfigurationPlatforms) = postSolution
		{1414AB49-2F0E-4219-BC2C-41416F493A5A}.Debug|x86.ActiveCfg = Debug|x86
		{1414AB49-2F0E-4219-BC2C-41416F493A5A}.Debug|x86.Build.0 = Debug|x86
		{1414AB49-2F0E-4219-BC2C-41416F493A5A}.Release|x86.ActiveCfg = Release|x86
		{1414AB49-2F0E-4219-BC2C-41416F493A5A}.Release|x86.Build.0 = Release|x86
		{C36067F6-740D-4703-AC7A-253B32A231F9}.Debug|x86.ActiveCfg = Debug|x86
		{C36067F6-740D-4703-AC7A-253B32A231F9}.Debug|x86.Build.0 = Debug|x86
		{C36067F6-740D-4703-AC7A-253B32A231F9}.Release|x86.ActiveCfg = Release|x86
		{C36067F6-740D-4703-AC7A-253B32A231F9}.Release|x86.Build.0 = Release|x86
		{08305C09-83C2-4E3F-8832-1582726CAB73}.Debug|x86.ActiveCfg = Debug|x86
		{08305C09-83C2-4E3F-8832-1582726CAB73}.Debug|x86.Build.0 = Debug|x86
		{08305C09-83C2-4E3F-8832-1582726CAB73}.Release|x86.ActiveCfg = Release|x86
		{08305C09-83C2-4E3F-8832-1582726CAB73}.Release|x86.Build.0 = Release|x86
		{BF24A1DD-E866-4550-B935-2D6CE8332109}.Debug|x86.ActiveCfg = Debug|x86
		{BF24A1DD-E866-4550-B935-2D6CE8332109}.Debug|x86.Build.0 = Debug|x86
		{BF24A1DD-E866-4550-B935-2D6CE8332109}.Release|x86.ActiveCfg = Release|x86
		{BF24A1DD-E866-4550-B935-2D6CE8332109}.Release|x86.Build.0 = Release|x86
		{020DDE88-25FE-40F5-8EA2-09CED0939F3A}.Debug|x86.ActiveCfg = Debug|x86
		{020DDE88-25FE-40F5-8EA2-09CED0939F3A}.Debug|x86.Build.0 = Debug|x86
		{020DDE88-25FE-40F5-8EA2-09CED0939F3A}.Release|x86.ActiveCfg = Release|x86
		{020DDE88-25FE-40F5-8EA2-09CED0939F3A}.Release|x86.Build.0 = Release|x86
		{5CF483CB-4D3B-4DE7-B0DC-360C649932CB}.Debug|x86.ActiveCfg = Debug|x86
		{5CF483CB-4D3B-4DE7-B0DC-360C649932CB}.Debug|x86.Build.0 = Debug|x86
		{5CF483CB-4D3B-4DE7-B0DC-360C649932CB}.Release|x86.ActiveCfg = Release|x86
		{5CF483CB-4D3B-4DE7-B0DC-360C649932CB}.Release|x86.Build.0 = Release|x86
		{86601EE5-3D78-4330-A031-8A003563CD77}.Debug|x86.ActiveCfg = Debug|x86
		{86601EE5-3D78-4330-A031-8A003563CD77}.Debug|x86.Build.0 = Debug|x86
		{86601EE5-3D78-4330-A031-8A003563CD77}.Release|x86.ActiveCfg = Release|x86
		{86601EE5-3D78-4330-A031-8A003563CD77}.Release|x86.Build.0 = Release|x86
		{D58889E7-90A6-446F-A31C-D8DEC910085D}.Debug|x86.ActiveCfg = Debug|x86
		{D58889E7-90A6-446F-A31C-D8DEC910085D}.Debug|x86.Build.0 = Debug|x86
		{D58889E7-90A6-446F-A31C-D8DEC910085D}.Release|x86.ActiveCfg = Release|x86
		{D58889E7-90A6-446F-A31C-D8DEC910085D}.Release|x86.Build.0 = Release|x86
		{34BF5605-7E9E-442C-9DF4-9EB42A8608E2}.Debug|x86.ActiveCfg = Debug|x86
		{34BF5605-7E9E-442C-9DF4-9EB42A8608E2}.Debug|x86.Build.0 = Debug|x86
		{34BF5605-7E9E-442C-9DF4-9EB42A8608E2}.Release|x86.ActiveCfg = Release|x86
		{34BF5605-7E9E-442C-9DF4-9EB42A8608E2}.Release|x86.Build.0 = Release|x86
		{9624AD16-7B9F-4C50-BC7C-37DA75CEECC6}.Debug|x86.ActiveCfg = Debug|x86
		{9624AD16-7B9F-4C50-BC7C-37DA75CEECC6}.Debug|x86.Build.0 = Debug|x86
		{9624AD16-7B9F-4C50-BC7C-37DA75CEECC6}.Release|x86.ActiveCfg = Release|x86
		{9624AD16-7B9F-4C50-BC7C-37DA75CEECC6}.Release|x86.Build.0 = Release|x86
		{2F29F2A9-CF4A-41FD-8A09-7AB0FAD3DFEC}.Debug|x86.ActiveCfg = Debug|x86
		{2F29F2A9-CF4A-41FD-8A09-7AB0FAD3DFEC}.Debug|x86.Build.0 = Debug|x86
		{2F29F2A9-CF4A-41FD-8A09-7AB0FAD3DFEC}.Release|x86.ActiveCfg = Release|x86
		{2F29F2A9-CF4A-41FD-8A09-7AB0FAD3DFEC}.Release|x86.Build.0 = Release|x86
	EndGlobalSection
	GlobalSection(SolutionProperties) = preSolution
		HideSolutionNode = FALSE
	EndGlobalSection
EndGlobal
