
Microsoft Visual Studio Solution File, Format Version 11.00
# Visual Studio 2010
Project("{FAE04EC0-301F-11D3-BF4B-00C04F79EFBC}") = "WebCalendar", "WebCalendar\WebCalendar.csproj", "{D48D3022-88C2-43F7-A02E-EBAF32345A49}"
EndProject
Project("{FAE04EC0-301F-11D3-BF4B-00C04F79EFBC}") = "WebCalendar.Tests", "WebCalendar.Tests\WebCalendar.Tests.csproj", "{1E36BFC2-C6B1-4062-ABA5-CF4F237D0DB4}"
EndProject
Project("{FAE04EC0-301F-11D3-BF4B-00C04F79EFBC}") = "WebCalendar.DAL", "WebCalendar.DAL\WebCalendar.DAL.csproj", "{9B9FE2E3-CBC9-41C1-9EAB-739A934DE564}"
EndProject
Project("{FAE04EC0-301F-11D3-BF4B-00C04F79EFBC}") = "WebCalendar.UserTestData", "WebCalendar.UserTestData\WebCalendar.UserTestData.csproj", "{E94C565B-7DF4-4E78-8F17-917727764072}"
EndProject
Project("{FAE04EC0-301F-11D3-BF4B-00C04F79EFBC}") = "WebCalendar_bak", "WebCalendar_bak\WebCalendar_bak.csproj", "{B89DB4C1-A11D-4D1D-ABBF-DEC35BABEA4F}"
EndProject
Global
	GlobalSection(SolutionConfigurationPlatforms) = preSolution
		Debug|Any CPU = Debug|Any CPU
		Debug|Mixed Platforms = Debug|Mixed Platforms
		Debug|x86 = Debug|x86
		Release|Any CPU = Release|Any CPU
		Release|Mixed Platforms = Release|Mixed Platforms
		Release|x86 = Release|x86
	EndGlobalSection
	GlobalSection(ProjectConfigurationPlatforms) = postSolution
		{D48D3022-88C2-43F7-A02E-EBAF32345A49}.Debug|Any CPU.ActiveCfg = Debug|Any CPU
		{D48D3022-88C2-43F7-A02E-EBAF32345A49}.Debug|Any CPU.Build.0 = Debug|Any CPU
		{D48D3022-88C2-43F7-A02E-EBAF32345A49}.Debug|Mixed Platforms.ActiveCfg = Debug|Any CPU
		{D48D3022-88C2-43F7-A02E-EBAF32345A49}.Debug|Mixed Platforms.Build.0 = Debug|Any CPU
		{D48D3022-88C2-43F7-A02E-EBAF32345A49}.Debug|x86.ActiveCfg = Debug|Any CPU
		{D48D3022-88C2-43F7-A02E-EBAF32345A49}.Release|Any CPU.ActiveCfg = Release|Any CPU
		{D48D3022-88C2-43F7-A02E-EBAF32345A49}.Release|Any CPU.Build.0 = Release|Any CPU
		{D48D3022-88C2-43F7-A02E-EBAF32345A49}.Release|Mixed Platforms.ActiveCfg = Release|Any CPU
		{D48D3022-88C2-43F7-A02E-EBAF32345A49}.Release|Mixed Platforms.Build.0 = Release|Any CPU
		{D48D3022-88C2-43F7-A02E-EBAF32345A49}.Release|x86.ActiveCfg = Release|Any CPU
		{1E36BFC2-C6B1-4062-ABA5-CF4F237D0DB4}.Debug|Any CPU.ActiveCfg = Debug|Any CPU
		{1E36BFC2-C6B1-4062-ABA5-CF4F237D0DB4}.Debug|Any CPU.Build.0 = Debug|Any CPU
		{1E36BFC2-C6B1-4062-ABA5-CF4F237D0DB4}.Debug|Mixed Platforms.ActiveCfg = Debug|Any CPU
		{1E36BFC2-C6B1-4062-ABA5-CF4F237D0DB4}.Debug|x86.ActiveCfg = Debug|Any CPU
		{1E36BFC2-C6B1-4062-ABA5-CF4F237D0DB4}.Release|Any CPU.ActiveCfg = Release|Any CPU
		{1E36BFC2-C6B1-4062-ABA5-CF4F237D0DB4}.Release|Any CPU.Build.0 = Release|Any CPU
		{1E36BFC2-C6B1-4062-ABA5-CF4F237D0DB4}.Release|Mixed Platforms.ActiveCfg = Release|Any CPU
		{1E36BFC2-C6B1-4062-ABA5-CF4F237D0DB4}.Release|x86.ActiveCfg = Release|Any CPU
		{9B9FE2E3-CBC9-41C1-9EAB-739A934DE564}.Debug|Any CPU.ActiveCfg = Debug|Any CPU
		{9B9FE2E3-CBC9-41C1-9EAB-739A934DE564}.Debug|Any CPU.Build.0 = Debug|Any CPU
		{9B9FE2E3-CBC9-41C1-9EAB-739A934DE564}.Debug|Mixed Platforms.ActiveCfg = Debug|Any CPU
		{9B9FE2E3-CBC9-41C1-9EAB-739A934DE564}.Debug|Mixed Platforms.Build.0 = Debug|Any CPU
		{9B9FE2E3-CBC9-41C1-9EAB-739A934DE564}.Debug|x86.ActiveCfg = Debug|Any CPU
		{9B9FE2E3-CBC9-41C1-9EAB-739A934DE564}.Release|Any CPU.ActiveCfg = Release|Any CPU
		{9B9FE2E3-CBC9-41C1-9EAB-739A934DE564}.Release|Any CPU.Build.0 = Release|Any CPU
		{9B9FE2E3-CBC9-41C1-9EAB-739A934DE564}.Release|Mixed Platforms.ActiveCfg = Release|Any CPU
		{9B9FE2E3-CBC9-41C1-9EAB-739A934DE564}.Release|Mixed Platforms.Build.0 = Release|Any CPU
		{9B9FE2E3-CBC9-41C1-9EAB-739A934DE564}.Release|x86.ActiveCfg = Release|Any CPU
		{E94C565B-7DF4-4E78-8F17-917727764072}.Debug|Any CPU.ActiveCfg = Debug|x86
		{E94C565B-7DF4-4E78-8F17-917727764072}.Debug|Any CPU.Build.0 = Debug|x86
		{E94C565B-7DF4-4E78-8F17-917727764072}.Debug|Mixed Platforms.ActiveCfg = Debug|x86
		{E94C565B-7DF4-4E78-8F17-917727764072}.Debug|Mixed Platforms.Build.0 = Debug|x86
		{E94C565B-7DF4-4E78-8F17-917727764072}.Debug|x86.ActiveCfg = Debug|x86
		{E94C565B-7DF4-4E78-8F17-917727764072}.Debug|x86.Build.0 = Debug|x86
		{E94C565B-7DF4-4E78-8F17-917727764072}.Release|Any CPU.ActiveCfg = Release|x86
		{E94C565B-7DF4-4E78-8F17-917727764072}.Release|Mixed Platforms.ActiveCfg = Release|x86
		{E94C565B-7DF4-4E78-8F17-917727764072}.Release|Mixed Platforms.Build.0 = Release|x86
		{E94C565B-7DF4-4E78-8F17-917727764072}.Release|x86.ActiveCfg = Release|x86
		{E94C565B-7DF4-4E78-8F17-917727764072}.Release|x86.Build.0 = Release|x86
		{B89DB4C1-A11D-4D1D-ABBF-DEC35BABEA4F}.Debug|Any CPU.ActiveCfg = Debug|Any CPU
		{B89DB4C1-A11D-4D1D-ABBF-DEC35BABEA4F}.Debug|Any CPU.Build.0 = Debug|Any CPU
		{B89DB4C1-A11D-4D1D-ABBF-DEC35BABEA4F}.Debug|Mixed Platforms.ActiveCfg = Debug|Any CPU
		{B89DB4C1-A11D-4D1D-ABBF-DEC35BABEA4F}.Debug|Mixed Platforms.Build.0 = Debug|Any CPU
		{B89DB4C1-A11D-4D1D-ABBF-DEC35BABEA4F}.Debug|x86.ActiveCfg = Debug|Any CPU
		{B89DB4C1-A11D-4D1D-ABBF-DEC35BABEA4F}.Release|Any CPU.ActiveCfg = Release|Any CPU
		{B89DB4C1-A11D-4D1D-ABBF-DEC35BABEA4F}.Release|Any CPU.Build.0 = Release|Any CPU
		{B89DB4C1-A11D-4D1D-ABBF-DEC35BABEA4F}.Release|Mixed Platforms.ActiveCfg = Release|Any CPU
		{B89DB4C1-A11D-4D1D-ABBF-DEC35BABEA4F}.Release|Mixed Platforms.Build.0 = Release|Any CPU
		{B89DB4C1-A11D-4D1D-ABBF-DEC35BABEA4F}.Release|x86.ActiveCfg = Release|Any CPU
	EndGlobalSection
	GlobalSection(SolutionProperties) = preSolution
		HideSolutionNode = FALSE
	EndGlobalSection
EndGlobal
